
Microsoft Visual Studio Solution File, Format Version 12.00
# Visual Studio Version 17
VisualStudioVersion = 17.7.34031.279
MinimumVisualStudioVersion = 10.0.40219.1
Project("{FAE04EC0-301F-11D3-BF4B-00C04F79EFBC}") = "DxHelpDeskModelCreator", "DxHelpDeskModelCreator\DxHelpDeskModelCreator.csproj", "{48110329-2FF2-4668-8D70-EC0B9FEA721A}"
EndProject
Global
	GlobalSection(SolutionConfigurationPlatforms) = preSolution
		Debug|Any CPU = Debug|Any CPU
		Release|Any CPU = Release|Any CPU
	EndGlobalSection
	GlobalSection(ProjectConfigurationPlatforms) = postSolution
		{48110329-2FF2-4668-8D70-EC0B9FEA721A}.Debug|Any CPU.ActiveCfg = Debug|Any CPU
		{48110329-2FF2-4668-8D70-EC0B9FEA721A}.Debug|Any CPU.Build.0 = Debug|Any CPU
		{48110329-2FF2-4668-8D70-EC0B9FEA721A}.Release|Any CPU.ActiveCfg = Release|Any CPU
		{48110329-2FF2-4668-8D70-EC0B9FEA721A}.Release|Any CPU.Build.0 = Release|Any CPU
	EndGlobalSection
	GlobalSection(SolutionProperties) = preSolution
		HideSolutionNode = FALSE
	EndGlobalSection
	GlobalSection(ExtensibilityGlobals) = postSolution
		SolutionGuid = {4D55275C-DCB6-4E1B-93EC-7FF7C4CCC975}
	EndGlobalSection
EndGlobal
